
Microsoft Visual Studio Solution File, Format Version 12.00
# Visual Studio Version 16
VisualStudioVersion = 16.0.30907.101
MinimumVisualStudioVersion = 10.0.40219.1
Project("{FAE04EC0-301F-11D3-BF4B-00C04F79EFBC}") = "DataAccess", "DataAccess\DataAccess.csproj", "{7533F19E-FF96-4A88-B85E-C7F0051B9AEB}"
EndProject
Project("{FAE04EC0-301F-11D3-BF4B-00C04F79EFBC}") = "Business", "Business\Business.csproj", "{1EFA4692-7414-4085-88D1-6B28940E09B9}"
EndProject
Project("{FAE04EC0-301F-11D3-BF4B-00C04F79EFBC}") = "Entities", "Entities\Entities.csproj", "{7AC890F4-4C84-4AFE-9342-8BD3FEAE0FDD}"
EndProject
Project("{FAE04EC0-301F-11D3-BF4B-00C04F79EFBC}") = "ConsoleUI", "ConsoleUI\ConsoleUI.csproj", "{5C9A572F-6841-40A2-94BF-B58A21DC81A4}"
EndProject
Global
	GlobalSection(SolutionConfigurationPlatforms) = preSolution
		Debug|Any CPU = Debug|Any CPU
		Release|Any CPU = Release|Any CPU
	EndGlobalSection
	GlobalSection(ProjectConfigurationPlatforms) = postSolution
		{7533F19E-FF96-4A88-B85E-C7F0051B9AEB}.Debug|Any CPU.ActiveCfg = Debug|Any CPU
		{7533F19E-FF96-4A88-B85E-C7F0051B9AEB}.Debug|Any CPU.Build.0 = Debug|Any CPU
		{7533F19E-FF96-4A88-B85E-C7F0051B9AEB}.Release|Any CPU.ActiveCfg = Release|Any CPU
		{7533F19E-FF96-4A88-B85E-C7F0051B9AEB}.Release|Any CPU.Build.0 = Release|Any CPU
		{1EFA4692-7414-4085-88D1-6B28940E09B9}.Debug|Any CPU.ActiveCfg = Debug|Any CPU
		{1EFA4692-7414-4085-88D1-6B28940E09B9}.Debug|Any CPU.Build.0 = Debug|Any CPU
		{1EFA4692-7414-4085-88D1-6B28940E09B9}.Release|Any CPU.ActiveCfg = Release|Any CPU
		{1EFA4692-7414-4085-88D1-6B28940E09B9}.Release|Any CPU.Build.0 = Release|Any CPU
		{7AC890F4-4C84-4AFE-9342-8BD3FEAE0FDD}.Debug|Any CPU.ActiveCfg = Debug|Any CPU
		{7AC890F4-4C84-4AFE-9342-8BD3FEAE0FDD}.Debug|Any CPU.Build.0 = Debug|Any CPU
		{7AC890F4-4C84-4AFE-9342-8BD3FEAE0FDD}.Release|Any CPU.ActiveCfg = Release|Any CPU
		{7AC890F4-4C84-4AFE-9342-8BD3FEAE0FDD}.Release|Any CPU.Build.0 = Release|Any CPU
		{5C9A572F-6841-40A2-94BF-B58A21DC81A4}.Debug|Any CPU.ActiveCfg = Debug|Any CPU
		{5C9A572F-6841-40A2-94BF-B58A21DC81A4}.Debug|Any CPU.Build.0 = Debug|Any CPU
		{5C9A572F-6841-40A2-94BF-B58A21DC81A4}.Release|Any CPU.ActiveCfg = Release|Any CPU
		{5C9A572F-6841-40A2-94BF-B58A21DC81A4}.Release|Any CPU.Build.0 = Release|Any CPU
	EndGlobalSection
	GlobalSection(SolutionProperties) = preSolution
		HideSolutionNode = FALSE
	EndGlobalSection
	GlobalSection(ExtensibilityGlobals) = postSolution
		SolutionGuid = {116E17B9-EFB5-48CF-A9AC-AE762F039F52}
	EndGlobalSection
EndGlobal
